// !$*UTF8*$!
{
	archiveVersion = 1;
	classes = {
	};
	objectVersion = 46;
	objects = {

/* Begin PBXBuildFile section */
		63298E291C624E500080E112 /* AppDelegate.swift in Sources */ = {isa = PBXBuildFile; fileRef = 63298E281C624E500080E112 /* AppDelegate.swift */; };
		63298E2B1C624E500080E112 /* ViewController.swift in Sources */ = {isa = PBXBuildFile; fileRef = 63298E2A1C624E500080E112 /* ViewController.swift */; };
		63298E2E1C624E500080E112 /* Main.storyboard in Resources */ = {isa = PBXBuildFile; fileRef = 63298E2C1C624E500080E112 /* Main.storyboard */; };
		63298E301C624E500080E112 /* Assets.xcassets in Resources */ = {isa = PBXBuildFile; fileRef = 63298E2F1C624E500080E112 /* Assets.xcassets */; };
		636556F61C610BB6004153E7 /* AppDelegate.m in Sources */ = {isa = PBXBuildFile; fileRef = 636556EC1C610BB6004153E7 /* AppDelegate.m */; };
		636556F71C610BB6004153E7 /* Assets.xcassets in Resources */ = {isa = PBXBuildFile; fileRef = 636556ED1C610BB6004153E7 /* Assets.xcassets */; };
		636556F81C610BB6004153E7 /* LaunchScreen.storyboard in Resources */ = {isa = PBXBuildFile; fileRef = 636556EE1C610BB6004153E7 /* LaunchScreen.storyboard */; };
		636556F91C610BB6004153E7 /* Main.storyboard in Resources */ = {isa = PBXBuildFile; fileRef = 636556F01C610BB6004153E7 /* Main.storyboard */; };
		636556FB1C610BB6004153E7 /* main.m in Sources */ = {isa = PBXBuildFile; fileRef = 636556F31C610BB6004153E7 /* main.m */; };
		636556FC1C610BB6004153E7 /* ViewController.m in Sources */ = {isa = PBXBuildFile; fileRef = 636556F51C610BB6004153E7 /* ViewController.m */; };
		90B34388249FAF1F0099554A /* NotificationService.m in Sources */ = {isa = PBXBuildFile; fileRef = 90B34387249FAF1F0099554A /* NotificationService.m */; };
		90B3438C249FAF1F0099554A /* iOSExampleNotificationExtension.appex in Embed App Extensions */ = {isa = PBXBuildFile; fileRef = 90B34384249FAF1F0099554A /* iOSExampleNotificationExtension.appex */; settings = {ATTRIBUTES = (RemoveHeadersOnCopy, ); }; };
		90B34391249FB1DE0099554A /* DeltaDNA.framework in Frameworks */ = {isa = PBXBuildFile; fileRef = 90B34390249FB1DE0099554A /* DeltaDNA.framework */; };
		90B34392249FB1DE0099554A /* DeltaDNA.framework in Embed Frameworks */ = {isa = PBXBuildFile; fileRef = 90B34390249FB1DE0099554A /* DeltaDNA.framework */; settings = {ATTRIBUTES = (CodeSignOnCopy, RemoveHeadersOnCopy, ); }; };
		90B34395249FB2030099554A /* DeltaDNA.framework in Frameworks */ = {isa = PBXBuildFile; fileRef = 90B34394249FB2030099554A /* DeltaDNA.framework */; };
		90B34396249FB2030099554A /* DeltaDNA.framework in Embed Frameworks */ = {isa = PBXBuildFile; fileRef = 90B34394249FB2030099554A /* DeltaDNA.framework */; settings = {ATTRIBUTES = (CodeSignOnCopy, RemoveHeadersOnCopy, ); }; };
/* End PBXBuildFile section */

/* Begin PBXContainerItemProxy section */
		90B3438A249FAF1F0099554A /* PBXContainerItemProxy */ = {
			isa = PBXContainerItemProxy;
			containerPortal = 63CCEBC41BFB70440041F49E /* Project object */;
			proxyType = 1;
			remoteGlobalIDString = 90B34383249FAF1F0099554A;
			remoteInfo = iOSExampleNotificationExtension;
		};
/* End PBXContainerItemProxy section */

/* Begin PBXCopyFilesBuildPhase section */
		90B3437B249CCDC80099554A /* Embed App Extensions */ = {
			isa = PBXCopyFilesBuildPhase;
			buildActionMask = 2147483647;
			dstPath = "";
			dstSubfolderSpec = 13;
			files = (
				90B3438C249FAF1F0099554A /* iOSExampleNotificationExtension.appex in Embed App Extensions */,
			);
			name = "Embed App Extensions";
			runOnlyForDeploymentPostprocessing = 0;
		};
		90B34393249FB1DE0099554A /* Embed Frameworks */ = {
			isa = PBXCopyFilesBuildPhase;
			buildActionMask = 2147483647;
			dstPath = "";
			dstSubfolderSpec = 10;
			files = (
				90B34392249FB1DE0099554A /* DeltaDNA.framework in Embed Frameworks */,
			);
			name = "Embed Frameworks";
			runOnlyForDeploymentPostprocessing = 0;
		};
		90B34397249FB2030099554A /* Embed Frameworks */ = {
			isa = PBXCopyFilesBuildPhase;
			buildActionMask = 2147483647;
			dstPath = "";
			dstSubfolderSpec = 10;
			files = (
				90B34396249FB2030099554A /* DeltaDNA.framework in Embed Frameworks */,
			);
			name = "Embed Frameworks";
			runOnlyForDeploymentPostprocessing = 0;
		};
/* End PBXCopyFilesBuildPhase section */

/* Begin PBXFileReference section */
		63298E261C624E500080E112 /* tvOS Example.app */ = {isa = PBXFileReference; explicitFileType = wrapper.application; includeInIndex = 0; path = "tvOS Example.app"; sourceTree = BUILT_PRODUCTS_DIR; };
		63298E281C624E500080E112 /* AppDelegate.swift */ = {isa = PBXFileReference; lastKnownFileType = sourcecode.swift; lineEnding = 0; path = AppDelegate.swift; sourceTree = "<group>"; xcLanguageSpecificationIdentifier = xcode.lang.swift; };
		63298E2A1C624E500080E112 /* ViewController.swift */ = {isa = PBXFileReference; lastKnownFileType = sourcecode.swift; lineEnding = 0; path = ViewController.swift; sourceTree = "<group>"; xcLanguageSpecificationIdentifier = xcode.lang.swift; };
		63298E2D1C624E500080E112 /* Base */ = {isa = PBXFileReference; lastKnownFileType = file.storyboard; name = Base; path = Base.lproj/Main.storyboard; sourceTree = "<group>"; };
		63298E2F1C624E500080E112 /* Assets.xcassets */ = {isa = PBXFileReference; lastKnownFileType = folder.assetcatalog; path = Assets.xcassets; sourceTree = "<group>"; };
		63298E311C624E500080E112 /* Info.plist */ = {isa = PBXFileReference; lastKnownFileType = text.plist.xml; path = Info.plist; sourceTree = "<group>"; };
		636556EB1C610BB6004153E7 /* AppDelegate.h */ = {isa = PBXFileReference; fileEncoding = 4; lastKnownFileType = sourcecode.c.h; lineEnding = 0; path = AppDelegate.h; sourceTree = "<group>"; xcLanguageSpecificationIdentifier = xcode.lang.objcpp; };
		636556EC1C610BB6004153E7 /* AppDelegate.m */ = {isa = PBXFileReference; fileEncoding = 4; lastKnownFileType = sourcecode.c.objc; lineEnding = 0; path = AppDelegate.m; sourceTree = "<group>"; xcLanguageSpecificationIdentifier = xcode.lang.objc; };
		636556ED1C610BB6004153E7 /* Assets.xcassets */ = {isa = PBXFileReference; lastKnownFileType = folder.assetcatalog; path = Assets.xcassets; sourceTree = "<group>"; };
		636556EF1C610BB6004153E7 /* Base */ = {isa = PBXFileReference; lastKnownFileType = file.storyboard; name = Base; path = Base.lproj/LaunchScreen.storyboard; sourceTree = "<group>"; };
		636556F11C610BB6004153E7 /* Base */ = {isa = PBXFileReference; lastKnownFileType = file.storyboard; name = Base; path = Base.lproj/Main.storyboard; sourceTree = "<group>"; };
		636556F21C610BB6004153E7 /* Info.plist */ = {isa = PBXFileReference; fileEncoding = 4; lastKnownFileType = text.plist.xml; path = Info.plist; sourceTree = "<group>"; };
		636556F31C610BB6004153E7 /* main.m */ = {isa = PBXFileReference; fileEncoding = 4; lastKnownFileType = sourcecode.c.objc; lineEnding = 0; path = main.m; sourceTree = "<group>"; xcLanguageSpecificationIdentifier = xcode.lang.objc; };
		636556F41C610BB6004153E7 /* ViewController.h */ = {isa = PBXFileReference; fileEncoding = 4; lastKnownFileType = sourcecode.c.h; lineEnding = 0; path = ViewController.h; sourceTree = "<group>"; xcLanguageSpecificationIdentifier = xcode.lang.objcpp; };
		636556F51C610BB6004153E7 /* ViewController.m */ = {isa = PBXFileReference; fileEncoding = 4; lastKnownFileType = sourcecode.c.objc; lineEnding = 0; path = ViewController.m; sourceTree = "<group>"; xcLanguageSpecificationIdentifier = xcode.lang.objc; };
		63CCEBCC1BFB70440041F49E /* iOS Example.app */ = {isa = PBXFileReference; explicitFileType = wrapper.application; includeInIndex = 0; path = "iOS Example.app"; sourceTree = BUILT_PRODUCTS_DIR; };
		90B3436B249CAA480099554A /* iOS Example.entitlements */ = {isa = PBXFileReference; lastKnownFileType = text.plist.entitlements; path = "iOS Example.entitlements"; sourceTree = "<group>"; };
		90B34384249FAF1F0099554A /* iOSExampleNotificationExtension.appex */ = {isa = PBXFileReference; explicitFileType = "wrapper.app-extension"; includeInIndex = 0; path = iOSExampleNotificationExtension.appex; sourceTree = BUILT_PRODUCTS_DIR; };
		90B34386249FAF1F0099554A /* NotificationService.h */ = {isa = PBXFileReference; lastKnownFileType = sourcecode.c.h; path = NotificationService.h; sourceTree = "<group>"; };
		90B34387249FAF1F0099554A /* NotificationService.m */ = {isa = PBXFileReference; lastKnownFileType = sourcecode.c.objc; path = NotificationService.m; sourceTree = "<group>"; };
		90B34389249FAF1F0099554A /* Info.plist */ = {isa = PBXFileReference; lastKnownFileType = text.plist.xml; path = Info.plist; sourceTree = "<group>"; };
		90B34390249FB1DE0099554A /* DeltaDNA.framework */ = {isa = PBXFileReference; explicitFileType = wrapper.framework; path = DeltaDNA.framework; sourceTree = BUILT_PRODUCTS_DIR; };
		90B34394249FB2030099554A /* DeltaDNA.framework */ = {isa = PBXFileReference; explicitFileType = wrapper.framework; path = DeltaDNA.framework; sourceTree = BUILT_PRODUCTS_DIR; };
/* End PBXFileReference section */

/* Begin PBXFrameworksBuildPhase section */
		63298E231C624E500080E112 /* Frameworks */ = {
			isa = PBXFrameworksBuildPhase;
			buildActionMask = 2147483647;
			files = (
			);
			runOnlyForDeploymentPostprocessing = 0;
		};
		63CCEBC91BFB70440041F49E /* Frameworks */ = {
			isa = PBXFrameworksBuildPhase;
			buildActionMask = 2147483647;
			files = (
				90B34391249FB1DE0099554A /* DeltaDNA.framework in Frameworks */,
			);
			runOnlyForDeploymentPostprocessing = 0;
		};
		90B34381249FAF1F0099554A /* Frameworks */ = {
			isa = PBXFrameworksBuildPhase;
			buildActionMask = 2147483647;
			files = (
				90B34395249FB2030099554A /* DeltaDNA.framework in Frameworks */,
			);
			runOnlyForDeploymentPostprocessing = 0;
		};
/* End PBXFrameworksBuildPhase section */

/* Begin PBXGroup section */
		63298E271C624E500080E112 /* tvOS Example */ = {
			isa = PBXGroup;
			children = (
				63298E281C624E500080E112 /* AppDelegate.swift */,
				63298E2A1C624E500080E112 /* ViewController.swift */,
				63298E2C1C624E500080E112 /* Main.storyboard */,
				63298E2F1C624E500080E112 /* Assets.xcassets */,
				63298E311C624E500080E112 /* Info.plist */,
			);
			path = "tvOS Example";
			sourceTree = "<group>";
		};
		636556EA1C610BB6004153E7 /* iOS Example */ = {
			isa = PBXGroup;
			children = (
				90B3436B249CAA480099554A /* iOS Example.entitlements */,
				636556EB1C610BB6004153E7 /* AppDelegate.h */,
				636556EC1C610BB6004153E7 /* AppDelegate.m */,
				636556ED1C610BB6004153E7 /* Assets.xcassets */,
				636556EE1C610BB6004153E7 /* LaunchScreen.storyboard */,
				636556F01C610BB6004153E7 /* Main.storyboard */,
				636556F21C610BB6004153E7 /* Info.plist */,
				636556F31C610BB6004153E7 /* main.m */,
				636556F41C610BB6004153E7 /* ViewController.h */,
				636556F51C610BB6004153E7 /* ViewController.m */,
			);
			path = "iOS Example";
			sourceTree = "<group>";
		};
		636556FF1C610D10004153E7 /* Frameworks */ = {
			isa = PBXGroup;
			children = (
				90B34394249FB2030099554A /* DeltaDNA.framework */,
				90B34390249FB1DE0099554A /* DeltaDNA.framework */,
			);
			name = Frameworks;
			sourceTree = "<group>";
		};
		63CCEBC31BFB70440041F49E = {
			isa = PBXGroup;
			children = (
				636556EA1C610BB6004153E7 /* iOS Example */,
				63298E271C624E500080E112 /* tvOS Example */,
				90B34385249FAF1F0099554A /* iOSExampleNotificationExtension */,
				636556FF1C610D10004153E7 /* Frameworks */,
				63CCEBCD1BFB70440041F49E /* Products */,
			);
			sourceTree = "<group>";
		};
		63CCEBCD1BFB70440041F49E /* Products */ = {
			isa = PBXGroup;
			children = (
				63CCEBCC1BFB70440041F49E /* iOS Example.app */,
				63298E261C624E500080E112 /* tvOS Example.app */,
				90B34384249FAF1F0099554A /* iOSExampleNotificationExtension.appex */,
			);
			name = Products;
			sourceTree = "<group>";
		};
		90B34385249FAF1F0099554A /* iOSExampleNotificationExtension */ = {
			isa = PBXGroup;
			children = (
				90B34386249FAF1F0099554A /* NotificationService.h */,
				90B34387249FAF1F0099554A /* NotificationService.m */,
				90B34389249FAF1F0099554A /* Info.plist */,
			);
			path = iOSExampleNotificationExtension;
			sourceTree = "<group>";
		};
/* End PBXGroup section */

/* Begin PBXNativeTarget section */
		63298E251C624E500080E112 /* tvOS Example */ = {
			isa = PBXNativeTarget;
			buildConfigurationList = 63298E321C624E500080E112 /* Build configuration list for PBXNativeTarget "tvOS Example" */;
			buildPhases = (
				63298E221C624E500080E112 /* Sources */,
				63298E231C624E500080E112 /* Frameworks */,
				63298E241C624E500080E112 /* Resources */,
			);
			buildRules = (
			);
			dependencies = (
			);
			name = "tvOS Example";
			productName = "tvOS Example";
			productReference = 63298E261C624E500080E112 /* tvOS Example.app */;
			productType = "com.apple.product-type.application";
		};
		63CCEBCB1BFB70440041F49E /* iOS Example */ = {
			isa = PBXNativeTarget;
			buildConfigurationList = 63CCEBE31BFB70440041F49E /* Build configuration list for PBXNativeTarget "iOS Example" */;
			buildPhases = (
				63CCEBC81BFB70440041F49E /* Sources */,
				63CCEBC91BFB70440041F49E /* Frameworks */,
				63CCEBCA1BFB70440041F49E /* Resources */,
				90B3437B249CCDC80099554A /* Embed App Extensions */,
				90B34393249FB1DE0099554A /* Embed Frameworks */,
			);
			buildRules = (
			);
			dependencies = (
				90B3438B249FAF1F0099554A /* PBXTargetDependency */,
			);
			name = "iOS Example";
			productName = "DeltaDNA iOS Example";
			productReference = 63CCEBCC1BFB70440041F49E /* iOS Example.app */;
			productType = "com.apple.product-type.application";
		};
		90B34383249FAF1F0099554A /* iOSExampleNotificationExtension */ = {
			isa = PBXNativeTarget;
			buildConfigurationList = 90B3438D249FAF1F0099554A /* Build configuration list for PBXNativeTarget "iOSExampleNotificationExtension" */;
			buildPhases = (
				90B34380249FAF1F0099554A /* Sources */,
				90B34381249FAF1F0099554A /* Frameworks */,
				90B34382249FAF1F0099554A /* Resources */,
				90B34397249FB2030099554A /* Embed Frameworks */,
			);
			buildRules = (
			);
			dependencies = (
			);
			name = iOSExampleNotificationExtension;
			productName = iOSExampleNotificationExtension;
			productReference = 90B34384249FAF1F0099554A /* iOSExampleNotificationExtension.appex */;
			productType = "com.apple.product-type.app-extension";
		};
/* End PBXNativeTarget section */

/* Begin PBXProject section */
		63CCEBC41BFB70440041F49E /* Project object */ = {
			isa = PBXProject;
			attributes = {
				LastSwiftUpdateCheck = 1150;
				LastUpgradeCheck = 0940;
				ORGANIZATIONNAME = deltaDNA;
				TargetAttributes = {
					63298E251C624E500080E112 = {
						CreatedOnToolsVersion = 7.2.1;
						DevelopmentTeam = 4DZT52R2T5;
						LastSwiftMigration = 0800;
						ProvisioningStyle = Automatic;
					};
					63CCEBCB1BFB70440041F49E = {
						CreatedOnToolsVersion = 7.1.1;
						DevelopmentTeam = 4DZT52R2T5;
					};
					90B34383249FAF1F0099554A = {
						CreatedOnToolsVersion = 11.5;
						DevelopmentTeam = 4DZT52R2T5;
						ProvisioningStyle = Automatic;
					};
				};
			};
			buildConfigurationList = 63CCEBC71BFB70440041F49E /* Build configuration list for PBXProject "DeltaDNA Example" */;
			compatibilityVersion = "Xcode 3.2";
			developmentRegion = English;
			hasScannedForEncodings = 0;
			knownRegions = (
				English,
				en,
				Base,
			);
			mainGroup = 63CCEBC31BFB70440041F49E;
			productRefGroup = 63CCEBCD1BFB70440041F49E /* Products */;
			projectDirPath = "";
			projectRoot = "";
			targets = (
				63CCEBCB1BFB70440041F49E /* iOS Example */,
				63298E251C624E500080E112 /* tvOS Example */,
				90B34383249FAF1F0099554A /* iOSExampleNotificationExtension */,
			);
		};
/* End PBXProject section */

/* Begin PBXResourcesBuildPhase section */
		63298E241C624E500080E112 /* Resources */ = {
			isa = PBXResourcesBuildPhase;
			buildActionMask = 2147483647;
			files = (
				63298E301C624E500080E112 /* Assets.xcassets in Resources */,
				63298E2E1C624E500080E112 /* Main.storyboard in Resources */,
			);
			runOnlyForDeploymentPostprocessing = 0;
		};
		63CCEBCA1BFB70440041F49E /* Resources */ = {
			isa = PBXResourcesBuildPhase;
			buildActionMask = 2147483647;
			files = (
				636556F91C610BB6004153E7 /* Main.storyboard in Resources */,
				636556F71C610BB6004153E7 /* Assets.xcassets in Resources */,
				636556F81C610BB6004153E7 /* LaunchScreen.storyboard in Resources */,
			);
			runOnlyForDeploymentPostprocessing = 0;
		};
		90B34382249FAF1F0099554A /* Resources */ = {
			isa = PBXResourcesBuildPhase;
			buildActionMask = 2147483647;
			files = (
			);
			runOnlyForDeploymentPostprocessing = 0;
		};
/* End PBXResourcesBuildPhase section */

/* Begin PBXSourcesBuildPhase section */
		63298E221C624E500080E112 /* Sources */ = {
			isa = PBXSourcesBuildPhase;
			buildActionMask = 2147483647;
			files = (
				63298E2B1C624E500080E112 /* ViewController.swift in Sources */,
				63298E291C624E500080E112 /* AppDelegate.swift in Sources */,
			);
			runOnlyForDeploymentPostprocessing = 0;
		};
		63CCEBC81BFB70440041F49E /* Sources */ = {
			isa = PBXSourcesBuildPhase;
			buildActionMask = 2147483647;
			files = (
				636556FC1C610BB6004153E7 /* ViewController.m in Sources */,
				636556FB1C610BB6004153E7 /* main.m in Sources */,
				636556F61C610BB6004153E7 /* AppDelegate.m in Sources */,
			);
			runOnlyForDeploymentPostprocessing = 0;
		};
		90B34380249FAF1F0099554A /* Sources */ = {
			isa = PBXSourcesBuildPhase;
			buildActionMask = 2147483647;
			files = (
				90B34388249FAF1F0099554A /* NotificationService.m in Sources */,
			);
			runOnlyForDeploymentPostprocessing = 0;
		};
/* End PBXSourcesBuildPhase section */

/* Begin PBXTargetDependency section */
		90B3438B249FAF1F0099554A /* PBXTargetDependency */ = {
			isa = PBXTargetDependency;
			target = 90B34383249FAF1F0099554A /* iOSExampleNotificationExtension */;
			targetProxy = 90B3438A249FAF1F0099554A /* PBXContainerItemProxy */;
		};
/* End PBXTargetDependency section */

/* Begin PBXVariantGroup section */
		63298E2C1C624E500080E112 /* Main.storyboard */ = {
			isa = PBXVariantGroup;
			children = (
				63298E2D1C624E500080E112 /* Base */,
			);
			name = Main.storyboard;
			sourceTree = "<group>";
		};
		636556EE1C610BB6004153E7 /* LaunchScreen.storyboard */ = {
			isa = PBXVariantGroup;
			children = (
				636556EF1C610BB6004153E7 /* Base */,
			);
			name = LaunchScreen.storyboard;
			sourceTree = "<group>";
		};
		636556F01C610BB6004153E7 /* Main.storyboard */ = {
			isa = PBXVariantGroup;
			children = (
				636556F11C610BB6004153E7 /* Base */,
			);
			name = Main.storyboard;
			sourceTree = "<group>";
		};
/* End PBXVariantGroup section */

/* Begin XCBuildConfiguration section */
		63298E331C624E500080E112 /* Debug */ = {
			isa = XCBuildConfiguration;
			buildSettings = {
				ALWAYS_SEARCH_USER_PATHS = NO;
				ASSETCATALOG_COMPILER_APPICON_NAME = "App Icon & Top Shelf Image";
				ASSETCATALOG_COMPILER_LAUNCHIMAGE_NAME = LaunchImage;
				"CODE_SIGN_IDENTITY[sdk=appletvos*]" = "iPhone Developer";
				CODE_SIGN_STYLE = Automatic;
				DEVELOPMENT_TEAM = 4DZT52R2T5;
				GCC_PREPROCESSOR_DEFINITIONS = (
					"DEBUG=1",
					"$(inherited)",
				);
				HEADER_SEARCH_PATHS = "";
				INFOPLIST_FILE = "tvOS Example/Info.plist";
				LD_RUNPATH_SEARCH_PATHS = "$(inherited) @executable_path/Frameworks";
				PRODUCT_BUNDLE_IDENTIFIER = "com.deltadna.ios.tvOS-Example";
				PRODUCT_NAME = "$(TARGET_NAME)";
				PROVISIONING_PROFILE_SPECIFIER = "";
				SDKROOT = appletvos;
				SWIFT_OPTIMIZATION_LEVEL = "-Onone";
				SWIFT_VERSION = 4.0;
				TARGETED_DEVICE_FAMILY = 3;
				TVOS_DEPLOYMENT_TARGET = 9.1;
			};
			name = Debug;
		};
		63298E341C624E500080E112 /* Release */ = {
			isa = XCBuildConfiguration;
			buildSettings = {
				ALWAYS_SEARCH_USER_PATHS = NO;
				ASSETCATALOG_COMPILER_APPICON_NAME = "App Icon & Top Shelf Image";
				ASSETCATALOG_COMPILER_LAUNCHIMAGE_NAME = LaunchImage;
				"CODE_SIGN_IDENTITY[sdk=appletvos*]" = "iPhone Developer";
				CODE_SIGN_STYLE = Automatic;
				DEVELOPMENT_TEAM = 4DZT52R2T5;
				HEADER_SEARCH_PATHS = "";
				INFOPLIST_FILE = "tvOS Example/Info.plist";
				LD_RUNPATH_SEARCH_PATHS = "$(inherited) @executable_path/Frameworks";
				PRODUCT_BUNDLE_IDENTIFIER = "com.deltadna.ios.tvOS-Example";
				PRODUCT_NAME = "$(TARGET_NAME)";
				PROVISIONING_PROFILE_SPECIFIER = "";
				SDKROOT = appletvos;
				SWIFT_VERSION = 4.0;
				TARGETED_DEVICE_FAMILY = 3;
				TVOS_DEPLOYMENT_TARGET = 9.1;
			};
			name = Release;
		};
		63CCEBE11BFB70440041F49E /* Debug */ = {
			isa = XCBuildConfiguration;
			buildSettings = {
				ALWAYS_SEARCH_USER_PATHS = YES;
				CLANG_CXX_LANGUAGE_STANDARD = "gnu++0x";
				CLANG_CXX_LIBRARY = "libc++";
				CLANG_ENABLE_MODULES = YES;
				CLANG_ENABLE_OBJC_ARC = YES;
				CLANG_WARN_BLOCK_CAPTURE_AUTORELEASING = YES;
				CLANG_WARN_BOOL_CONVERSION = YES;
				CLANG_WARN_COMMA = YES;
				CLANG_WARN_CONSTANT_CONVERSION = YES;
				CLANG_WARN_DEPRECATED_OBJC_IMPLEMENTATIONS = YES;
				CLANG_WARN_DIRECT_OBJC_ISA_USAGE = YES_ERROR;
				CLANG_WARN_EMPTY_BODY = YES;
				CLANG_WARN_ENUM_CONVERSION = YES;
				CLANG_WARN_INFINITE_RECURSION = YES;
				CLANG_WARN_INT_CONVERSION = YES;
				CLANG_WARN_NON_LITERAL_NULL_CONVERSION = YES;
				CLANG_WARN_OBJC_IMPLICIT_RETAIN_SELF = YES;
				CLANG_WARN_OBJC_LITERAL_CONVERSION = YES;
				CLANG_WARN_OBJC_ROOT_CLASS = YES_ERROR;
				CLANG_WARN_RANGE_LOOP_ANALYSIS = YES;
				CLANG_WARN_STRICT_PROTOTYPES = YES;
				CLANG_WARN_SUSPICIOUS_MOVE = YES;
				CLANG_WARN_UNREACHABLE_CODE = YES;
				CLANG_WARN__DUPLICATE_METHOD_MATCH = YES;
				"CODE_SIGN_IDENTITY[sdk=iphoneos*]" = "iPhone Developer";
				COPY_PHASE_STRIP = NO;
				DEBUG_INFORMATION_FORMAT = dwarf;
				ENABLE_STRICT_OBJC_MSGSEND = YES;
				ENABLE_TESTABILITY = YES;
				GCC_C_LANGUAGE_STANDARD = gnu99;
				GCC_DYNAMIC_NO_PIC = NO;
				GCC_NO_COMMON_BLOCKS = YES;
				GCC_OPTIMIZATION_LEVEL = 0;
				GCC_PREPROCESSOR_DEFINITIONS = (
					"DEBUG=1",
					"$(inherited)",
				);
				GCC_WARN_64_TO_32_BIT_CONVERSION = YES;
				GCC_WARN_ABOUT_RETURN_TYPE = YES_ERROR;
				GCC_WARN_UNDECLARED_SELECTOR = YES;
				GCC_WARN_UNINITIALIZED_AUTOS = YES_AGGRESSIVE;
				GCC_WARN_UNUSED_FUNCTION = YES;
				GCC_WARN_UNUSED_VARIABLE = YES;
				HEADER_SEARCH_PATHS = "";
				IPHONEOS_DEPLOYMENT_TARGET = 9.0;
				MTL_ENABLE_DEBUG_INFO = YES;
				ONLY_ACTIVE_ARCH = YES;
				SDKROOT = iphoneos;
				TARGETED_DEVICE_FAMILY = "1,2";
			};
			name = Debug;
		};
		63CCEBE21BFB70440041F49E /* Release */ = {
			isa = XCBuildConfiguration;
			buildSettings = {
				ALWAYS_SEARCH_USER_PATHS = YES;
				CLANG_CXX_LANGUAGE_STANDARD = "gnu++0x";
				CLANG_CXX_LIBRARY = "libc++";
				CLANG_ENABLE_MODULES = YES;
				CLANG_ENABLE_OBJC_ARC = YES;
				CLANG_WARN_BLOCK_CAPTURE_AUTORELEASING = YES;
				CLANG_WARN_BOOL_CONVERSION = YES;
				CLANG_WARN_COMMA = YES;
				CLANG_WARN_CONSTANT_CONVERSION = YES;
				CLANG_WARN_DEPRECATED_OBJC_IMPLEMENTATIONS = YES;
				CLANG_WARN_DIRECT_OBJC_ISA_USAGE = YES_ERROR;
				CLANG_WARN_EMPTY_BODY = YES;
				CLANG_WARN_ENUM_CONVERSION = YES;
				CLANG_WARN_INFINITE_RECURSION = YES;
				CLANG_WARN_INT_CONVERSION = YES;
				CLANG_WARN_NON_LITERAL_NULL_CONVERSION = YES;
				CLANG_WARN_OBJC_IMPLICIT_RETAIN_SELF = YES;
				CLANG_WARN_OBJC_LITERAL_CONVERSION = YES;
				CLANG_WARN_OBJC_ROOT_CLASS = YES_ERROR;
				CLANG_WARN_RANGE_LOOP_ANALYSIS = YES;
				CLANG_WARN_STRICT_PROTOTYPES = YES;
				CLANG_WARN_SUSPICIOUS_MOVE = YES;
				CLANG_WARN_UNREACHABLE_CODE = YES;
				CLANG_WARN__DUPLICATE_METHOD_MATCH = YES;
				"CODE_SIGN_IDENTITY[sdk=iphoneos*]" = "iPhone Developer";
				COPY_PHASE_STRIP = NO;
				DEBUG_INFORMATION_FORMAT = "dwarf-with-dsym";
				ENABLE_NS_ASSERTIONS = NO;
				ENABLE_STRICT_OBJC_MSGSEND = YES;
				GCC_C_LANGUAGE_STANDARD = gnu99;
				GCC_NO_COMMON_BLOCKS = YES;
				GCC_WARN_64_TO_32_BIT_CONVERSION = YES;
				GCC_WARN_ABOUT_RETURN_TYPE = YES_ERROR;
				GCC_WARN_UNDECLARED_SELECTOR = YES;
				GCC_WARN_UNINITIALIZED_AUTOS = YES_AGGRESSIVE;
				GCC_WARN_UNUSED_FUNCTION = YES;
				GCC_WARN_UNUSED_VARIABLE = YES;
				HEADER_SEARCH_PATHS = "";
				IPHONEOS_DEPLOYMENT_TARGET = 9.0;
				MTL_ENABLE_DEBUG_INFO = NO;
				SDKROOT = iphoneos;
				SWIFT_OPTIMIZATION_LEVEL = "-Owholemodule";
				TARGETED_DEVICE_FAMILY = "1,2";
				VALIDATE_PRODUCT = YES;
			};
			name = Release;
		};
		63CCEBE41BFB70440041F49E /* Debug */ = {
			isa = XCBuildConfiguration;
			buildSettings = {
				ALWAYS_SEARCH_USER_PATHS = NO;
				ASSETCATALOG_COMPILER_APPICON_NAME = AppIcon;
				CLANG_ALLOW_NON_MODULAR_INCLUDES_IN_FRAMEWORK_MODULES = YES;
				CODE_SIGN_ENTITLEMENTS = "iOS Example/iOS Example.entitlements";
				DEVELOPMENT_TEAM = 4DZT52R2T5;
				FRAMEWORK_SEARCH_PATHS = "";
				GCC_PREPROCESSOR_DEFINITIONS = (
					"DEBUG=1",
					"$(inherited)",
				);
				HEADER_SEARCH_PATHS = "";
				INFOPLIST_FILE = "$(SRCROOT)/iOS Example/Info.plist";
				IPHONEOS_DEPLOYMENT_TARGET = 13.0;
				LD_RUNPATH_SEARCH_PATHS = "$(inherited) @executable_path/Frameworks";
				PRODUCT_BUNDLE_IDENTIFIER = "com.unity3d.deltadna.ios.iOS-Example";
				PRODUCT_NAME = "iOS Example";
			};
			name = Debug;
		};
		63CCEBE51BFB70440041F49E /* Release */ = {
			isa = XCBuildConfiguration;
			buildSettings = {
				ALWAYS_SEARCH_USER_PATHS = NO;
				ASSETCATALOG_COMPILER_APPICON_NAME = AppIcon;
				CLANG_ALLOW_NON_MODULAR_INCLUDES_IN_FRAMEWORK_MODULES = YES;
				CODE_SIGN_ENTITLEMENTS = "iOS Example/iOS Example.entitlements";
				DEVELOPMENT_TEAM = 4DZT52R2T5;
				FRAMEWORK_SEARCH_PATHS = "";
				HEADER_SEARCH_PATHS = "";
				INFOPLIST_FILE = "$(SRCROOT)/iOS Example/Info.plist";
				IPHONEOS_DEPLOYMENT_TARGET = 13.0;
				LD_RUNPATH_SEARCH_PATHS = "$(inherited) @executable_path/Frameworks";
				PRODUCT_BUNDLE_IDENTIFIER = "com.unity3d.deltadna.ios.iOS-Example";
				PRODUCT_NAME = "iOS Example";
			};
			name = Release;
		};
		90B3438E249FAF1F0099554A /* Debug */ = {
			isa = XCBuildConfiguration;
			buildSettings = {
				ALWAYS_SEARCH_USER_PATHS = NO;
				CLANG_ANALYZER_NONNULL = YES;
				CLANG_ANALYZER_NUMBER_OBJECT_CONVERSION = YES_AGGRESSIVE;
				CLANG_CXX_LANGUAGE_STANDARD = "gnu++14";
				CLANG_ENABLE_OBJC_WEAK = YES;
				CLANG_WARN_DOCUMENTATION_COMMENTS = YES;
				CLANG_WARN_UNGUARDED_AVAILABILITY = YES_AGGRESSIVE;
				CODE_SIGN_STYLE = Automatic;
				DEVELOPMENT_TEAM = 4DZT52R2T5;
				GCC_C_LANGUAGE_STANDARD = gnu11;
				INFOPLIST_FILE = iOSExampleNotificationExtension/Info.plist;
				IPHONEOS_DEPLOYMENT_TARGET = 13.5;
				LD_RUNPATH_SEARCH_PATHS = "$(inherited) @executable_path/Frameworks @executable_path/../../Frameworks";
				MTL_ENABLE_DEBUG_INFO = INCLUDE_SOURCE;
				MTL_FAST_MATH = YES;
				PRODUCT_BUNDLE_IDENTIFIER = "com.unity3d.deltadna.ios.iOS-Example.iOSExampleNotificationExtension";
				PRODUCT_NAME = "$(TARGET_NAME)";
				SKIP_INSTALL = YES;
				TARGETED_DEVICE_FAMILY = "1,2";
			};
			name = Debug;
		};
		90B3438F249FAF1F0099554A /* Release */ = {
			isa = XCBuildConfiguration;
			buildSettings = {
				ALWAYS_SEARCH_USER_PATHS = NO;
				CLANG_ANALYZER_NONNULL = YES;
				CLANG_ANALYZER_NUMBER_OBJECT_CONVERSION = YES_AGGRESSIVE;
				CLANG_CXX_LANGUAGE_STANDARD = "gnu++14";
				CLANG_ENABLE_OBJC_WEAK = YES;
				CLANG_WARN_DOCUMENTATION_COMMENTS = YES;
				CLANG_WARN_UNGUARDED_AVAILABILITY = YES_AGGRESSIVE;
				CODE_SIGN_STYLE = Automatic;
				DEVELOPMENT_TEAM = 4DZT52R2T5;
				GCC_C_LANGUAGE_STANDARD = gnu11;
				INFOPLIST_FILE = iOSExampleNotificationExtension/Info.plist;
				IPHONEOS_DEPLOYMENT_TARGET = 13.5;
				LD_RUNPATH_SEARCH_PATHS = "$(inherited) @executable_path/Frameworks @executable_path/../../Frameworks";
				MTL_FAST_MATH = YES;
				PRODUCT_BUNDLE_IDENTIFIER = "com.unity3d.deltadna.ios.iOS-Example.iOSExampleNotificationExtension";
				PRODUCT_NAME = "$(TARGET_NAME)";
				SKIP_INSTALL = YES;
				TARGETED_DEVICE_FAMILY = "1,2";
			};
			name = Release;
		};
/* End XCBuildConfiguration section */

/* Begin XCConfigurationList section */
		63298E321C624E500080E112 /* Build configuration list for PBXNativeTarget "tvOS Example" */ = {
			isa = XCConfigurationList;
			buildConfigurations = (
				63298E331C624E500080E112 /* Debug */,
				63298E341C624E500080E112 /* Release */,
			);
			defaultConfigurationIsVisible = 0;
			defaultConfigurationName = Release;
		};
		63CCEBC71BFB70440041F49E /* Build configuration list for PBXProject "DeltaDNA Example" */ = {
			isa = XCConfigurationList;
			buildConfigurations = (
				63CCEBE11BFB70440041F49E /* Debug */,
				63CCEBE21BFB70440041F49E /* Release */,
			);
			defaultConfigurationIsVisible = 0;
			defaultConfigurationName = Release;
		};
		63CCEBE31BFB70440041F49E /* Build configuration list for PBXNativeTarget "iOS Example" */ = {
			isa = XCConfigurationList;
			buildConfigurations = (
				63CCEBE41BFB70440041F49E /* Debug */,
				63CCEBE51BFB70440041F49E /* Release */,
			);
			defaultConfigurationIsVisible = 0;
			defaultConfigurationName = Release;
		};
		90B3438D249FAF1F0099554A /* Build configuration list for PBXNativeTarget "iOSExampleNotificationExtension" */ = {
			isa = XCConfigurationList;
			buildConfigurations = (
				90B3438E249FAF1F0099554A /* Debug */,
				90B3438F249FAF1F0099554A /* Release */,
			);
			defaultConfigurationIsVisible = 0;
			defaultConfigurationName = Release;
		};
/* End XCConfigurationList section */
	};
	rootObject = 63CCEBC41BFB70440041F49E /* Project object */;
}
